
Microsoft Visual Studio Solution File, Format Version 12.00
# Visual Studio Version 17
VisualStudioVersion = 17.8.34511.84
MinimumVisualStudioVersion = 10.0.40219.1
Project("{FAE04EC0-301F-11D3-BF4B-00C04F79EFBC}") = "HospitalApp", "HospitalApp\HospitalApp.csproj", "{9DBCAF62-37AF-4E97-8E74-3360667BFEB5}"
EndProject
Global
	GlobalSection(SolutionConfigurationPlatforms) = preSolution
		Debug|Any CPU = Debug|Any CPU
		Release|Any CPU = Release|Any CPU
	EndGlobalSection
	GlobalSection(ProjectConfigurationPlatforms) = postSolution
		{9DBCAF62-37AF-4E97-8E74-3360667BFEB5}.Debug|Any CPU.ActiveCfg = Debug|Any CPU
		{9DBCAF62-37AF-4E97-8E74-3360667BFEB5}.Debug|Any CPU.Build.0 = Debug|Any CPU
		{9DBCAF62-37AF-4E97-8E74-3360667BFEB5}.Release|Any CPU.ActiveCfg = Release|Any CPU
		{9DBCAF62-37AF-4E97-8E74-3360667BFEB5}.Release|Any CPU.Build.0 = Release|Any CPU
	EndGlobalSection
	GlobalSection(SolutionProperties) = preSolution
		HideSolutionNode = FALSE
	EndGlobalSection
	GlobalSection(ExtensibilityGlobals) = postSolution
		SolutionGuid = {78777DD7-9026-4F4A-9D6A-ACC667D79E26}
	EndGlobalSection
EndGlobal
